
Microsoft Visual Studio Solution File, Format Version 12.00
# Visual Studio Version 16
VisualStudioVersion = 16.0.33927.289
MinimumVisualStudioVersion = 10.0.40219.1
Project("{2150E333-8FDC-42A3-9474-1A3956D46DE8}") = "Task0", "Task0", "{5D5827D6-BE18-4661-821B-42FA1DA05468}"
EndProject
Project("{FAE04EC0-301F-11D3-BF4B-00C04F79EFBC}") = "Tyuiu.KornilovKA.Sprint0.Task0.V0", "Tyuiu.KornilovKA.Sprint0.Task0.V0\Tyuiu.KornilovKA.Sprint0.Task0.V0.csproj", "{744BEC82-816A-4A2A-B358-B414FA33AC1C}"
EndProject
Global
	GlobalSection(SolutionConfigurationPlatforms) = preSolution
		Debug|Any CPU = Debug|Any CPU
		Release|Any CPU = Release|Any CPU
	EndGlobalSection
	GlobalSection(ProjectConfigurationPlatforms) = postSolution
		{744BEC82-816A-4A2A-B358-B414FA33AC1C}.Debug|Any CPU.ActiveCfg = Debug|Any CPU
		{744BEC82-816A-4A2A-B358-B414FA33AC1C}.Debug|Any CPU.Build.0 = Debug|Any CPU
		{744BEC82-816A-4A2A-B358-B414FA33AC1C}.Release|Any CPU.ActiveCfg = Release|Any CPU
		{744BEC82-816A-4A2A-B358-B414FA33AC1C}.Release|Any CPU.Build.0 = Release|Any CPU
	EndGlobalSection
	GlobalSection(SolutionProperties) = preSolution
		HideSolutionNode = FALSE
	EndGlobalSection
	GlobalSection(NestedProjects) = preSolution
		{744BEC82-816A-4A2A-B358-B414FA33AC1C} = {5D5827D6-BE18-4661-821B-42FA1DA05468}
	EndGlobalSection
	GlobalSection(ExtensibilityGlobals) = postSolution
		SolutionGuid = {6FADC78F-17A1-4083-90C0-7A45EFAEB087}
	EndGlobalSection
EndGlobal
